
Microsoft Visual Studio Solution File, Format Version 12.00
# Visual Studio Version 17
VisualStudioVersion = 17.1.32421.90
MinimumVisualStudioVersion = 10.0.40219.1
Project("{FAE04EC0-301F-11D3-BF4B-00C04F79EFBC}") = "API (CRUD)", "API (CRUD)\API (CRUD).csproj", "{CC6F1B60-38A3-4731-B3E2-FE21AF5391C2}"
EndProject
Global
	GlobalSection(SolutionConfigurationPlatforms) = preSolution
		Debug|Any CPU = Debug|Any CPU
		Release|Any CPU = Release|Any CPU
	EndGlobalSection
	GlobalSection(ProjectConfigurationPlatforms) = postSolution
		{CC6F1B60-38A3-4731-B3E2-FE21AF5391C2}.Debug|Any CPU.ActiveCfg = Debug|Any CPU
		{CC6F1B60-38A3-4731-B3E2-FE21AF5391C2}.Debug|Any CPU.Build.0 = Debug|Any CPU
		{CC6F1B60-38A3-4731-B3E2-FE21AF5391C2}.Release|Any CPU.ActiveCfg = Release|Any CPU
		{CC6F1B60-38A3-4731-B3E2-FE21AF5391C2}.Release|Any CPU.Build.0 = Release|Any CPU
	EndGlobalSection
	GlobalSection(SolutionProperties) = preSolution
		HideSolutionNode = FALSE
	EndGlobalSection
	GlobalSection(ExtensibilityGlobals) = postSolution
		SolutionGuid = {BA0FDFF9-22A0-4CA6-A155-ECC2FCAB3EED}
	EndGlobalSection
EndGlobal
